
Microsoft Visual Studio Solution File, Format Version 12.00
# Visual Studio Version 16
VisualStudioVersion = 16.0.30804.86
MinimumVisualStudioVersion = 10.0.40219.1
Project("{FAE04EC0-301F-11D3-BF4B-00C04F79EFBC}") = "ApiServer", "ApiServer\ApiServer.csproj", "{D711D645-6F7F-4FF3-9FCF-A3549F418BA0}"
EndProject
Global
	GlobalSection(SolutionConfigurationPlatforms) = preSolution
		Debug|Any CPU = Debug|Any CPU
		Release|Any CPU = Release|Any CPU
	EndGlobalSection
	GlobalSection(ProjectConfigurationPlatforms) = postSolution
		{D711D645-6F7F-4FF3-9FCF-A3549F418BA0}.Debug|Any CPU.ActiveCfg = Debug|Any CPU
		{D711D645-6F7F-4FF3-9FCF-A3549F418BA0}.Debug|Any CPU.Build.0 = Debug|Any CPU
		{D711D645-6F7F-4FF3-9FCF-A3549F418BA0}.Release|Any CPU.ActiveCfg = Release|Any CPU
		{D711D645-6F7F-4FF3-9FCF-A3549F418BA0}.Release|Any CPU.Build.0 = Release|Any CPU
	EndGlobalSection
	GlobalSection(SolutionProperties) = preSolution
		HideSolutionNode = FALSE
	EndGlobalSection
	GlobalSection(ExtensibilityGlobals) = postSolution
		SolutionGuid = {0C02C304-F16E-4681-9CA9-BC7545F682F7}
	EndGlobalSection
EndGlobal
